
Microsoft Visual Studio Solution File, Format Version 12.00
# Visual Studio Version 17
VisualStudioVersion = 17.0.31912.275
MinimumVisualStudioVersion = 10.0.40219.1
Project("{FAE04EC0-301F-11D3-BF4B-00C04F79EFBC}") = "ReadExcel_Wpf", "ReadExcel_Wpf\ReadExcel_Wpf.csproj", "{A95A2C8B-0675-4518-A9DF-AE6847DD38E1}"
EndProject
Global
	GlobalSection(SolutionConfigurationPlatforms) = preSolution
		Debug|Any CPU = Debug|Any CPU
		Release|Any CPU = Release|Any CPU
	EndGlobalSection
	GlobalSection(ProjectConfigurationPlatforms) = postSolution
		{A95A2C8B-0675-4518-A9DF-AE6847DD38E1}.Debug|Any CPU.ActiveCfg = Debug|Any CPU
		{A95A2C8B-0675-4518-A9DF-AE6847DD38E1}.Debug|Any CPU.Build.0 = Debug|Any CPU
		{A95A2C8B-0675-4518-A9DF-AE6847DD38E1}.Release|Any CPU.ActiveCfg = Release|Any CPU
		{A95A2C8B-0675-4518-A9DF-AE6847DD38E1}.Release|Any CPU.Build.0 = Release|Any CPU
	EndGlobalSection
	GlobalSection(SolutionProperties) = preSolution
		HideSolutionNode = FALSE
	EndGlobalSection
	GlobalSection(ExtensibilityGlobals) = postSolution
		SolutionGuid = {8E0E03C9-B86A-40D9-AF82-29CE9BA046FF}
	EndGlobalSection
EndGlobal
